
Microsoft Visual Studio Solution File, Format Version 12.00
# Visual Studio Version 17
VisualStudioVersion = 17.14.36429.23
MinimumVisualStudioVersion = 10.0.40219.1
Project("{FAE04EC0-301F-11D3-BF4B-00C04F79EFBC}") = "PresentacionWindows", "PresentacionWindows\PresentacionWindows.csproj", "{C04492AF-252D-43D1-86D3-16AF1B5E9AD8}"
EndProject
Project("{FAE04EC0-301F-11D3-BF4B-00C04F79EFBC}") = "ModeloDominio", "ModeloDominio\ModeloDominio.csproj", "{144AF413-D096-400F-AC3F-4F1B25FEF974}"
EndProject
Project("{FAE04EC0-301F-11D3-BF4B-00C04F79EFBC}") = "LogicaNegocio", "LogicaNegocio\LogicaNegocio.csproj", "{73A7B6D0-9395-495D-BE19-2FA83E4C5F65}"
EndProject
Global
	GlobalSection(SolutionConfigurationPlatforms) = preSolution
		Debug|Any CPU = Debug|Any CPU
		Release|Any CPU = Release|Any CPU
	EndGlobalSection
	GlobalSection(ProjectConfigurationPlatforms) = postSolution
		{C04492AF-252D-43D1-86D3-16AF1B5E9AD8}.Debug|Any CPU.ActiveCfg = Debug|Any CPU
		{C04492AF-252D-43D1-86D3-16AF1B5E9AD8}.Debug|Any CPU.Build.0 = Debug|Any CPU
		{C04492AF-252D-43D1-86D3-16AF1B5E9AD8}.Release|Any CPU.ActiveCfg = Release|Any CPU
		{C04492AF-252D-43D1-86D3-16AF1B5E9AD8}.Release|Any CPU.Build.0 = Release|Any CPU
		{144AF413-D096-400F-AC3F-4F1B25FEF974}.Debug|Any CPU.ActiveCfg = Debug|Any CPU
		{144AF413-D096-400F-AC3F-4F1B25FEF974}.Debug|Any CPU.Build.0 = Debug|Any CPU
		{144AF413-D096-400F-AC3F-4F1B25FEF974}.Release|Any CPU.ActiveCfg = Release|Any CPU
		{144AF413-D096-400F-AC3F-4F1B25FEF974}.Release|Any CPU.Build.0 = Release|Any CPU
		{73A7B6D0-9395-495D-BE19-2FA83E4C5F65}.Debug|Any CPU.ActiveCfg = Debug|Any CPU
		{73A7B6D0-9395-495D-BE19-2FA83E4C5F65}.Debug|Any CPU.Build.0 = Debug|Any CPU
		{73A7B6D0-9395-495D-BE19-2FA83E4C5F65}.Release|Any CPU.ActiveCfg = Release|Any CPU
		{73A7B6D0-9395-495D-BE19-2FA83E4C5F65}.Release|Any CPU.Build.0 = Release|Any CPU
	EndGlobalSection
	GlobalSection(SolutionProperties) = preSolution
		HideSolutionNode = FALSE
	EndGlobalSection
	GlobalSection(ExtensibilityGlobals) = postSolution
		SolutionGuid = {B6EFA212-2FA4-4B92-B744-D147192E9298}
	EndGlobalSection
EndGlobal
